
Microsoft Visual Studio Solution File, Format Version 12.00
# Visual Studio Version 17
VisualStudioVersion = 17.14.36401.2 d17.14
MinimumVisualStudioVersion = 10.0.40219.1
Project("{FAE04EC0-301F-11D3-BF4B-00C04F79EFBC}") = "ScreenSound", "ScreenSound\ScreenSound.csproj", "{F9D9822C-6E03-4028-B5A9-34634C08B575}"
EndProject
Global
	GlobalSection(SolutionConfigurationPlatforms) = preSolution
		Debug|Any CPU = Debug|Any CPU
		Release|Any CPU = Release|Any CPU
	EndGlobalSection
	GlobalSection(ProjectConfigurationPlatforms) = postSolution
		{F9D9822C-6E03-4028-B5A9-34634C08B575}.Debug|Any CPU.ActiveCfg = Debug|Any CPU
		{F9D9822C-6E03-4028-B5A9-34634C08B575}.Debug|Any CPU.Build.0 = Debug|Any CPU
		{F9D9822C-6E03-4028-B5A9-34634C08B575}.Release|Any CPU.ActiveCfg = Release|Any CPU
		{F9D9822C-6E03-4028-B5A9-34634C08B575}.Release|Any CPU.Build.0 = Release|Any CPU
	EndGlobalSection
	GlobalSection(SolutionProperties) = preSolution
		HideSolutionNode = FALSE
	EndGlobalSection
	GlobalSection(ExtensibilityGlobals) = postSolution
		SolutionGuid = {BE23D3EB-CA6E-4D58-B148-9E5AFE5F1C4E}
	EndGlobalSection
EndGlobal
